
Microsoft Visual Studio Solution File, Format Version 12.00
# Visual Studio Version 16
VisualStudioVersion = 16.0.31112.23
MinimumVisualStudioVersion = 10.0.40219.1
Project("{FAE04EC0-301F-11D3-BF4B-00C04F79EFBC}") = "QRcode", "QRcode\QRcode.csproj", "{D12FA236-77CF-4A54-8A17-B03A2BBCD96C}"
EndProject
Global
	GlobalSection(SolutionConfigurationPlatforms) = preSolution
		Debug|Any CPU = Debug|Any CPU
		Release|Any CPU = Release|Any CPU
	EndGlobalSection
	GlobalSection(ProjectConfigurationPlatforms) = postSolution
		{D12FA236-77CF-4A54-8A17-B03A2BBCD96C}.Debug|Any CPU.ActiveCfg = Debug|Any CPU
		{D12FA236-77CF-4A54-8A17-B03A2BBCD96C}.Debug|Any CPU.Build.0 = Debug|Any CPU
		{D12FA236-77CF-4A54-8A17-B03A2BBCD96C}.Release|Any CPU.ActiveCfg = Release|Any CPU
		{D12FA236-77CF-4A54-8A17-B03A2BBCD96C}.Release|Any CPU.Build.0 = Release|Any CPU
	EndGlobalSection
	GlobalSection(SolutionProperties) = preSolution
		HideSolutionNode = FALSE
	EndGlobalSection
	GlobalSection(ExtensibilityGlobals) = postSolution
		SolutionGuid = {2AF570EF-CF69-4989-ABB9-96C7273C30AE}
	EndGlobalSection
EndGlobal
